
Microsoft Visual Studio Solution File, Format Version 12.00
# Visual Studio Version 17
VisualStudioVersion = 17.10.35004.147
MinimumVisualStudioVersion = 10.0.40219.1
Project("{8BC9CEB8-8B4A-11D0-8D11-00A0C91BC942}") = "Program", "Program.vcxproj", "{C763F478-2490-4008-842B-69BC64A274A7}"
EndProject
Project("{8BC9CEB8-8B4A-11D0-8D11-00A0C91BC942}") = "Class1th (Single Linked List)", "..\Class1th (Single Linked List)\Class1th (Single Linked List).vcxproj", "{78B3CDB4-C368-4895-AAC0-404019A3D18E}"
EndProject
Project("{8BC9CEB8-8B4A-11D0-8D11-00A0C91BC942}") = "Class2th (Double Linked List)", "..\Class2th (Double Linked List)\Class2th (Double Linked List).vcxproj", "{E7AA415C-3227-469C-BE52-0C1BE4B933E0}"
EndProject
Project("{8BC9CEB8-8B4A-11D0-8D11-00A0C91BC942}") = "Class3th (Circle Linked List)", "..\Class3th (Circle Linked List)\Class3th (Circle Linked List).vcxproj", "{1CB4F9FE-BF21-410E-9541-09AF84932763}"
EndProject
Project("{8BC9CEB8-8B4A-11D0-8D11-00A0C91BC942}") = "Class4th (Stack)", "..\Class4th (Stack)\Class4th (Stack).vcxproj", "{D25AB7E0-9585-4B6C-A1BC-706974983E95}"
EndProject
Project("{8BC9CEB8-8B4A-11D0-8D11-00A0C91BC942}") = "Class5th (Linear Queue)", "..\Class5th (Linear Queue)\Class5th (Linear Queue).vcxproj", "{93B8E996-2AFF-4156-AAD0-BBB93C3CCB4F}"
EndProject
Global
	GlobalSection(SolutionConfigurationPlatforms) = preSolution
		Debug|x64 = Debug|x64
		Debug|x86 = Debug|x86
		Release|x64 = Release|x64
		Release|x86 = Release|x86
	EndGlobalSection
	GlobalSection(ProjectConfigurationPlatforms) = postSolution
		{C763F478-2490-4008-842B-69BC64A274A7}.Debug|x64.ActiveCfg = Debug|x64
		{C763F478-2490-4008-842B-69BC64A274A7}.Debug|x64.Build.0 = Debug|x64
		{C763F478-2490-4008-842B-69BC64A274A7}.Debug|x86.ActiveCfg = Debug|Win32
		{C763F478-2490-4008-842B-69BC64A274A7}.Debug|x86.Build.0 = Debug|Win32
		{C763F478-2490-4008-842B-69BC64A274A7}.Release|x64.ActiveCfg = Release|x64
		{C763F478-2490-4008-842B-69BC64A274A7}.Release|x64.Build.0 = Release|x64
		{C763F478-2490-4008-842B-69BC64A274A7}.Release|x86.ActiveCfg = Release|Win32
		{C763F478-2490-4008-842B-69BC64A274A7}.Release|x86.Build.0 = Release|Win32
		{78B3CDB4-C368-4895-AAC0-404019A3D18E}.Debug|x64.ActiveCfg = Debug|x64
		{78B3CDB4-C368-4895-AAC0-404019A3D18E}.Debug|x64.Build.0 = Debug|x64
		{78B3CDB4-C368-4895-AAC0-404019A3D18E}.Debug|x86.ActiveCfg = Debug|Win32
		{78B3CDB4-C368-4895-AAC0-404019A3D18E}.Debug|x86.Build.0 = Debug|Win32
		{78B3CDB4-C368-4895-AAC0-404019A3D18E}.Release|x64.ActiveCfg = Release|x64
		{78B3CDB4-C368-4895-AAC0-404019A3D18E}.Release|x64.Build.0 = Release|x64
		{78B3CDB4-C368-4895-AAC0-404019A3D18E}.Release|x86.ActiveCfg = Release|Win32
		{78B3CDB4-C368-4895-AAC0-404019A3D18E}.Release|x86.Build.0 = Release|Win32
		{E7AA415C-3227-469C-BE52-0C1BE4B933E0}.Debug|x64.ActiveCfg = Debug|x64
		{E7AA415C-3227-469C-BE52-0C1BE4B933E0}.Debug|x64.Build.0 = Debug|x64
		{E7AA415C-3227-469C-BE52-0C1BE4B933E0}.Debug|x86.ActiveCfg = Debug|Win32
		{E7AA415C-3227-469C-BE52-0C1BE4B933E0}.Debug|x86.Build.0 = Debug|Win32
		{E7AA415C-3227-469C-BE52-0C1BE4B933E0}.Release|x64.ActiveCfg = Release|x64
		{E7AA415C-3227-469C-BE52-0C1BE4B933E0}.Release|x64.Build.0 = Release|x64
		{E7AA415C-3227-469C-BE52-0C1BE4B933E0}.Release|x86.ActiveCfg = Release|Win32
		{E7AA415C-3227-469C-BE52-0C1BE4B933E0}.Release|x86.Build.0 = Release|Win32
		{1CB4F9FE-BF21-410E-9541-09AF84932763}.Debug|x64.ActiveCfg = Debug|x64
		{1CB4F9FE-BF21-410E-9541-09AF84932763}.Debug|x64.Build.0 = Debug|x64
		{1CB4F9FE-BF21-410E-9541-09AF84932763}.Debug|x86.ActiveCfg = Debug|Win32
		{1CB4F9FE-BF21-410E-9541-09AF84932763}.Debug|x86.Build.0 = Debug|Win32
		{1CB4F9FE-BF21-410E-9541-09AF84932763}.Release|x64.ActiveCfg = Release|x64
		{1CB4F9FE-BF21-410E-9541-09AF84932763}.Release|x64.Build.0 = Release|x64
		{1CB4F9FE-BF21-410E-9541-09AF84932763}.Release|x86.ActiveCfg = Release|Win32
		{1CB4F9FE-BF21-410E-9541-09AF84932763}.Release|x86.Build.0 = Release|Win32
		{D25AB7E0-9585-4B6C-A1BC-706974983E95}.Debug|x64.ActiveCfg = Debug|x64
		{D25AB7E0-9585-4B6C-A1BC-706974983E95}.Debug|x64.Build.0 = Debug|x64
		{D25AB7E0-9585-4B6C-A1BC-706974983E95}.Debug|x86.ActiveCfg = Debug|Win32
		{D25AB7E0-9585-4B6C-A1BC-706974983E95}.Debug|x86.Build.0 = Debug|Win32
		{D25AB7E0-9585-4B6C-A1BC-706974983E95}.Release|x64.ActiveCfg = Release|x64
		{D25AB7E0-9585-4B6C-A1BC-706974983E95}.Release|x64.Build.0 = Release|x64
		{D25AB7E0-9585-4B6C-A1BC-706974983E95}.Release|x86.ActiveCfg = Release|Win32
		{D25AB7E0-9585-4B6C-A1BC-706974983E95}.Release|x86.Build.0 = Release|Win32
		{93B8E996-2AFF-4156-AAD0-BBB93C3CCB4F}.Debug|x64.ActiveCfg = Debug|x64
		{93B8E996-2AFF-4156-AAD0-BBB93C3CCB4F}.Debug|x64.Build.0 = Debug|x64
		{93B8E996-2AFF-4156-AAD0-BBB93C3CCB4F}.Debug|x86.ActiveCfg = Debug|Win32
		{93B8E996-2AFF-4156-AAD0-BBB93C3CCB4F}.Debug|x86.Build.0 = Debug|Win32
		{93B8E996-2AFF-4156-AAD0-BBB93C3CCB4F}.Release|x64.ActiveCfg = Release|x64
		{93B8E996-2AFF-4156-AAD0-BBB93C3CCB4F}.Release|x64.Build.0 = Release|x64
		{93B8E996-2AFF-4156-AAD0-BBB93C3CCB4F}.Release|x86.ActiveCfg = Release|Win32
		{93B8E996-2AFF-4156-AAD0-BBB93C3CCB4F}.Release|x86.Build.0 = Release|Win32
	EndGlobalSection
	GlobalSection(SolutionProperties) = preSolution
		HideSolutionNode = FALSE
	EndGlobalSection
	GlobalSection(ExtensibilityGlobals) = postSolution
		SolutionGuid = {A3B18C21-F299-4AF9-9BB1-C0CAAEC67261}
	EndGlobalSection
EndGlobal
