
Microsoft Visual Studio Solution File, Format Version 12.00
# Visual Studio Version 17
VisualStudioVersion = 17.10.35004.147
MinimumVisualStudioVersion = 10.0.40219.1
Project("{8BC9CEB8-8B4A-11D0-8D11-00A0C91BC942}") = "Program", "Program.vcxproj", "{C763F478-2490-4008-842B-69BC64A274A7}"
EndProject
Project("{8BC9CEB8-8B4A-11D0-8D11-00A0C91BC942}") = "Class1th (Single Linked List)", "..\Class1th (Single Linked List)\Class1th (Single Linked List).vcxproj", "{78B3CDB4-C368-4895-AAC0-404019A3D18E}"
EndProject
Project("{8BC9CEB8-8B4A-11D0-8D11-00A0C91BC942}") = "Class2th (Double Linked List)", "..\Class2th (Double Linked List)\Class2th (Double Linked List).vcxproj", "{E7AA415C-3227-469C-BE52-0C1BE4B933E0}"
EndProject
Project("{8BC9CEB8-8B4A-11D0-8D11-00A0C91BC942}") = "Class3th (Circle Linked List)", "..\Class3th (Circle Linked List)\Class3th (Circle Linked List).vcxproj", "{1CB4F9FE-BF21-410E-9541-09AF84932763}"
EndProject
Project("{8BC9CEB8-8B4A-11D0-8D11-00A0C91BC942}") = "Class4th (Stack)", "..\Class4th (Stack)\Class4th (Stack).vcxproj", "{D25AB7E0-9585-4B6C-A1BC-706974983E95}"
EndProject
Project("{8BC9CEB8-8B4A-11D0-8D11-00A0C91BC942}") = "Class5th (Linear Queue)", "..\Class5th (Linear Queue)\Class5th (Linear Queue).vcxproj", "{93B8E996-2AFF-4156-AAD0-BBB93C3CCB4F}"
EndProject
Project("{8BC9CEB8-8B4A-11D0-8D11-00A0C91BC942}") = "Class6th (Circle Queue)", "..\Class6th (Circle Queue)\Class6th (Circle Queue).vcxproj", "{596A24DF-C2F6-4D4A-91DB-8CD48CD5EAFC}"
EndProject
Project("{8BC9CEB8-8B4A-11D0-8D11-00A0C91BC942}") = "Class7th (Vector)", "..\Class7th (Vector)\Class7th (Vector).vcxproj", "{A57B5F7E-3BDE-4E27-AFFB-10EAB9BF23EC}"
EndProject
Project("{8BC9CEB8-8B4A-11D0-8D11-00A0C91BC942}") = "Class8th (String)", "..\Class8th (String)\Class8th (String).vcxproj", "{372CFEFE-DC15-4ED8-A430-588695AE13EC}"
EndProject
Project("{8BC9CEB8-8B4A-11D0-8D11-00A0C91BC942}") = "Class9th (Binary Tree)", "..\Class9th (Binary Tree)\Class9th (Binary Tree).vcxproj", "{BE1D6908-4BB2-49D6-BF5B-4017AF41BB6B}"
EndProject
Project("{8BC9CEB8-8B4A-11D0-8D11-00A0C91BC942}") = "Class10th (Hash Table)", "..\Class10th (Hash Table)\Class10th (Hash Table).vcxproj", "{D9B05B3D-630E-4C96-9627-0A159945E70D}"
EndProject
Global
	GlobalSection(SolutionConfigurationPlatforms) = preSolution
		Debug|x64 = Debug|x64
		Debug|x86 = Debug|x86
		Release|x64 = Release|x64
		Release|x86 = Release|x86
	EndGlobalSection
	GlobalSection(ProjectConfigurationPlatforms) = postSolution
		{C763F478-2490-4008-842B-69BC64A274A7}.Debug|x64.ActiveCfg = Debug|x64
		{C763F478-2490-4008-842B-69BC64A274A7}.Debug|x64.Build.0 = Debug|x64
		{C763F478-2490-4008-842B-69BC64A274A7}.Debug|x86.ActiveCfg = Debug|Win32
		{C763F478-2490-4008-842B-69BC64A274A7}.Debug|x86.Build.0 = Debug|Win32
		{C763F478-2490-4008-842B-69BC64A274A7}.Release|x64.ActiveCfg = Release|x64
		{C763F478-2490-4008-842B-69BC64A274A7}.Release|x64.Build.0 = Release|x64
		{C763F478-2490-4008-842B-69BC64A274A7}.Release|x86.ActiveCfg = Release|Win32
		{C763F478-2490-4008-842B-69BC64A274A7}.Release|x86.Build.0 = Release|Win32
		{78B3CDB4-C368-4895-AAC0-404019A3D18E}.Debug|x64.ActiveCfg = Debug|x64
		{78B3CDB4-C368-4895-AAC0-404019A3D18E}.Debug|x64.Build.0 = Debug|x64
		{78B3CDB4-C368-4895-AAC0-404019A3D18E}.Debug|x86.ActiveCfg = Debug|Win32
		{78B3CDB4-C368-4895-AAC0-404019A3D18E}.Debug|x86.Build.0 = Debug|Win32
		{78B3CDB4-C368-4895-AAC0-404019A3D18E}.Release|x64.ActiveCfg = Release|x64
		{78B3CDB4-C368-4895-AAC0-404019A3D18E}.Release|x64.Build.0 = Release|x64
		{78B3CDB4-C368-4895-AAC0-404019A3D18E}.Release|x86.ActiveCfg = Release|Win32
		{78B3CDB4-C368-4895-AAC0-404019A3D18E}.Release|x86.Build.0 = Release|Win32
		{E7AA415C-3227-469C-BE52-0C1BE4B933E0}.Debug|x64.ActiveCfg = Debug|x64
		{E7AA415C-3227-469C-BE52-0C1BE4B933E0}.Debug|x64.Build.0 = Debug|x64
		{E7AA415C-3227-469C-BE52-0C1BE4B933E0}.Debug|x86.ActiveCfg = Debug|Win32
		{E7AA415C-3227-469C-BE52-0C1BE4B933E0}.Debug|x86.Build.0 = Debug|Win32
		{E7AA415C-3227-469C-BE52-0C1BE4B933E0}.Release|x64.ActiveCfg = Release|x64
		{E7AA415C-3227-469C-BE52-0C1BE4B933E0}.Release|x64.Build.0 = Release|x64
		{E7AA415C-3227-469C-BE52-0C1BE4B933E0}.Release|x86.ActiveCfg = Release|Win32
		{E7AA415C-3227-469C-BE52-0C1BE4B933E0}.Release|x86.Build.0 = Release|Win32
		{1CB4F9FE-BF21-410E-9541-09AF84932763}.Debug|x64.ActiveCfg = Debug|x64
		{1CB4F9FE-BF21-410E-9541-09AF84932763}.Debug|x64.Build.0 = Debug|x64
		{1CB4F9FE-BF21-410E-9541-09AF84932763}.Debug|x86.ActiveCfg = Debug|Win32
		{1CB4F9FE-BF21-410E-9541-09AF84932763}.Debug|x86.Build.0 = Debug|Win32
		{1CB4F9FE-BF21-410E-9541-09AF84932763}.Release|x64.ActiveCfg = Release|x64
		{1CB4F9FE-BF21-410E-9541-09AF84932763}.Release|x64.Build.0 = Release|x64
		{1CB4F9FE-BF21-410E-9541-09AF84932763}.Release|x86.ActiveCfg = Release|Win32
		{1CB4F9FE-BF21-410E-9541-09AF84932763}.Release|x86.Build.0 = Release|Win32
		{D25AB7E0-9585-4B6C-A1BC-706974983E95}.Debug|x64.ActiveCfg = Debug|x64
		{D25AB7E0-9585-4B6C-A1BC-706974983E95}.Debug|x64.Build.0 = Debug|x64
		{D25AB7E0-9585-4B6C-A1BC-706974983E95}.Debug|x86.ActiveCfg = Debug|Win32
		{D25AB7E0-9585-4B6C-A1BC-706974983E95}.Debug|x86.Build.0 = Debug|Win32
		{D25AB7E0-9585-4B6C-A1BC-706974983E95}.Release|x64.ActiveCfg = Release|x64
		{D25AB7E0-9585-4B6C-A1BC-706974983E95}.Release|x64.Build.0 = Release|x64
		{D25AB7E0-9585-4B6C-A1BC-706974983E95}.Release|x86.ActiveCfg = Release|Win32
		{D25AB7E0-9585-4B6C-A1BC-706974983E95}.Release|x86.Build.0 = Release|Win32
		{93B8E996-2AFF-4156-AAD0-BBB93C3CCB4F}.Debug|x64.ActiveCfg = Debug|x64
		{93B8E996-2AFF-4156-AAD0-BBB93C3CCB4F}.Debug|x64.Build.0 = Debug|x64
		{93B8E996-2AFF-4156-AAD0-BBB93C3CCB4F}.Debug|x86.ActiveCfg = Debug|Win32
		{93B8E996-2AFF-4156-AAD0-BBB93C3CCB4F}.Debug|x86.Build.0 = Debug|Win32
		{93B8E996-2AFF-4156-AAD0-BBB93C3CCB4F}.Release|x64.ActiveCfg = Release|x64
		{93B8E996-2AFF-4156-AAD0-BBB93C3CCB4F}.Release|x64.Build.0 = Release|x64
		{93B8E996-2AFF-4156-AAD0-BBB93C3CCB4F}.Release|x86.ActiveCfg = Release|Win32
		{93B8E996-2AFF-4156-AAD0-BBB93C3CCB4F}.Release|x86.Build.0 = Release|Win32
		{596A24DF-C2F6-4D4A-91DB-8CD48CD5EAFC}.Debug|x64.ActiveCfg = Debug|x64
		{596A24DF-C2F6-4D4A-91DB-8CD48CD5EAFC}.Debug|x64.Build.0 = Debug|x64
		{596A24DF-C2F6-4D4A-91DB-8CD48CD5EAFC}.Debug|x86.ActiveCfg = Debug|Win32
		{596A24DF-C2F6-4D4A-91DB-8CD48CD5EAFC}.Debug|x86.Build.0 = Debug|Win32
		{596A24DF-C2F6-4D4A-91DB-8CD48CD5EAFC}.Release|x64.ActiveCfg = Release|x64
		{596A24DF-C2F6-4D4A-91DB-8CD48CD5EAFC}.Release|x64.Build.0 = Release|x64
		{596A24DF-C2F6-4D4A-91DB-8CD48CD5EAFC}.Release|x86.ActiveCfg = Release|Win32
		{596A24DF-C2F6-4D4A-91DB-8CD48CD5EAFC}.Release|x86.Build.0 = Release|Win32
		{A57B5F7E-3BDE-4E27-AFFB-10EAB9BF23EC}.Debug|x64.ActiveCfg = Debug|x64
		{A57B5F7E-3BDE-4E27-AFFB-10EAB9BF23EC}.Debug|x64.Build.0 = Debug|x64
		{A57B5F7E-3BDE-4E27-AFFB-10EAB9BF23EC}.Debug|x86.ActiveCfg = Debug|Win32
		{A57B5F7E-3BDE-4E27-AFFB-10EAB9BF23EC}.Debug|x86.Build.0 = Debug|Win32
		{A57B5F7E-3BDE-4E27-AFFB-10EAB9BF23EC}.Release|x64.ActiveCfg = Release|x64
		{A57B5F7E-3BDE-4E27-AFFB-10EAB9BF23EC}.Release|x64.Build.0 = Release|x64
		{A57B5F7E-3BDE-4E27-AFFB-10EAB9BF23EC}.Release|x86.ActiveCfg = Release|Win32
		{A57B5F7E-3BDE-4E27-AFFB-10EAB9BF23EC}.Release|x86.Build.0 = Release|Win32
		{372CFEFE-DC15-4ED8-A430-588695AE13EC}.Debug|x64.ActiveCfg = Debug|x64
		{372CFEFE-DC15-4ED8-A430-588695AE13EC}.Debug|x64.Build.0 = Debug|x64
		{372CFEFE-DC15-4ED8-A430-588695AE13EC}.Debug|x86.ActiveCfg = Debug|Win32
		{372CFEFE-DC15-4ED8-A430-588695AE13EC}.Debug|x86.Build.0 = Debug|Win32
		{372CFEFE-DC15-4ED8-A430-588695AE13EC}.Release|x64.ActiveCfg = Release|x64
		{372CFEFE-DC15-4ED8-A430-588695AE13EC}.Release|x64.Build.0 = Release|x64
		{372CFEFE-DC15-4ED8-A430-588695AE13EC}.Release|x86.ActiveCfg = Release|Win32
		{372CFEFE-DC15-4ED8-A430-588695AE13EC}.Release|x86.Build.0 = Release|Win32
		{BE1D6908-4BB2-49D6-BF5B-4017AF41BB6B}.Debug|x64.ActiveCfg = Debug|x64
		{BE1D6908-4BB2-49D6-BF5B-4017AF41BB6B}.Debug|x64.Build.0 = Debug|x64
		{BE1D6908-4BB2-49D6-BF5B-4017AF41BB6B}.Debug|x86.ActiveCfg = Debug|Win32
		{BE1D6908-4BB2-49D6-BF5B-4017AF41BB6B}.Debug|x86.Build.0 = Debug|Win32
		{BE1D6908-4BB2-49D6-BF5B-4017AF41BB6B}.Release|x64.ActiveCfg = Release|x64
		{BE1D6908-4BB2-49D6-BF5B-4017AF41BB6B}.Release|x64.Build.0 = Release|x64
		{BE1D6908-4BB2-49D6-BF5B-4017AF41BB6B}.Release|x86.ActiveCfg = Release|Win32
		{BE1D6908-4BB2-49D6-BF5B-4017AF41BB6B}.Release|x86.Build.0 = Release|Win32
		{D9B05B3D-630E-4C96-9627-0A159945E70D}.Debug|x64.ActiveCfg = Debug|x64
		{D9B05B3D-630E-4C96-9627-0A159945E70D}.Debug|x64.Build.0 = Debug|x64
		{D9B05B3D-630E-4C96-9627-0A159945E70D}.Debug|x86.ActiveCfg = Debug|Win32
		{D9B05B3D-630E-4C96-9627-0A159945E70D}.Debug|x86.Build.0 = Debug|Win32
		{D9B05B3D-630E-4C96-9627-0A159945E70D}.Release|x64.ActiveCfg = Release|x64
		{D9B05B3D-630E-4C96-9627-0A159945E70D}.Release|x64.Build.0 = Release|x64
		{D9B05B3D-630E-4C96-9627-0A159945E70D}.Release|x86.ActiveCfg = Release|Win32
		{D9B05B3D-630E-4C96-9627-0A159945E70D}.Release|x86.Build.0 = Release|Win32
	EndGlobalSection
	GlobalSection(SolutionProperties) = preSolution
		HideSolutionNode = FALSE
	EndGlobalSection
	GlobalSection(ExtensibilityGlobals) = postSolution
		SolutionGuid = {A3B18C21-F299-4AF9-9BB1-C0CAAEC67261}
	EndGlobalSection
EndGlobal
